// !$*UTF8*$!
{
	archiveVersion = 1;
	classes = {
	};
	objectVersion = 46;
	objects = {

/* Begin PBXBuildFile section */
		EF553FBB1F201951006D9CDC /* AppDelegate.swift in Sources */ = {isa = PBXBuildFile; fileRef = EF553FBA1F201951006D9CDC /* AppDelegate.swift */; };
		EF553FBD1F201951006D9CDC /* ViewController.swift in Sources */ = {isa = PBXBuildFile; fileRef = EF553FBC1F201951006D9CDC /* ViewController.swift */; };
		EF553FC01F201951006D9CDC /* Main.storyboard in Resources */ = {isa = PBXBuildFile; fileRef = EF553FBE1F201951006D9CDC /* Main.storyboard */; };
		EF553FC21F201951006D9CDC /* Assets.xcassets in Resources */ = {isa = PBXBuildFile; fileRef = EF553FC11F201951006D9CDC /* Assets.xcassets */; };
		EF553FC51F201951006D9CDC /* LaunchScreen.storyboard in Resources */ = {isa = PBXBuildFile; fileRef = EF553FC31F201951006D9CDC /* LaunchScreen.storyboard */; };
/* End PBXBuildFile section */

/* Begin PBXFileReference section */
		EF553FB71F201951006D9CDC /* LocationProject.app */ = {isa = PBXFileReference; explicitFileType = wrapper.application; includeInIndex = 0; path = LocationProject.app; sourceTree = BUILT_PRODUCTS_DIR; };
		EF553FBA1F201951006D9CDC /* AppDelegate.swift */ = {isa = PBXFileReference; lastKnownFileType = sourcecode.swift; path = AppDelegate.swift; sourceTree = "<group>"; };
		EF553FBC1F201951006D9CDC /* ViewController.swift */ = {isa = PBXFileReference; lastKnownFileType = sourcecode.swift; path = ViewController.swift; sourceTree = "<group>"; };
		EF553FBF1F201951006D9CDC /* Base */ = {isa = PBXFileReference; lastKnownFileType = file.storyboard; name = Base; path = Base.lproj/Main.storyboard; sourceTree = "<group>"; };
		EF553FC11F201951006D9CDC /* Assets.xcassets */ = {isa = PBXFileReference; lastKnownFileType = folder.assetcatalog; path = Assets.xcassets; sourceTree = "<group>"; };
		EF553FC41F201951006D9CDC /* Base */ = {isa = PBXFileReference; lastKnownFileType = file.storyboard; name = Base; path = Base.lproj/LaunchScreen.storyboard; sourceTree = "<group>"; };
		EF553FC61F201951006D9CDC /* Info.plist */ = {isa = PBXFileReference; lastKnownFileType = text.plist.xml; path = Info.plist; sourceTree = "<group>"; };
/* End PBXFileReference section */

/* Begin PBXFrameworksBuildPhase section */
		EF553FB41F201951006D9CDC /* Frameworks */ = {
			isa = PBXFrameworksBuildPhase;
			buildActionMask = 2147483647;
			files = (
			);
			runOnlyForDeploymentPostprocessing = 0;
		};
/* End PBXFrameworksBuildPhase section */

/* Begin PBXGroup section */
		EF553FAE1F201951006D9CDC = {
			isa = PBXGroup;
			children = (
				EF553FB91F201951006D9CDC /* LocationProject */,
				EF553FB81F201951006D9CDC /* Products */,
			);
			sourceTree = "<group>";
		};
		EF553FB81F201951006D9CDC /* Products */ = {
			isa = PBXGroup;
			children = (
				EF553FB71F201951006D9CDC /* LocationProject.app */,
			);
			name = Products;
			sourceTree = "<group>";
		};
		EF553FB91F201951006D9CDC /* LocationProject */ = {
			isa = PBXGroup;
			children = (
				EF553FBA1F201951006D9CDC /* AppDelegate.swift */,
				EF553FBC1F201951006D9CDC /* ViewController.swift */,
				EF553FBE1F201951006D9CDC /* Main.storyboard */,
				EF553FC11F201951006D9CDC /* Assets.xcassets */,
				EF553FC31F201951006D9CDC /* LaunchScreen.storyboard */,
				EF553FC61F201951006D9CDC /* Info.plist */,
			);
			path = LocationProject;
			sourceTree = "<group>";
		};
/* End PBXGroup section */

/* Begin PBXNativeTarget section */
		EF553FB61F201951006D9CDC /* LocationProject */ = {
			isa = PBXNativeTarget;
			buildConfigurationList = EF553FC91F201951006D9CDC /* Build configuration list for PBXNativeTarget "LocationProject" */;
			buildPhases = (
				EF553FB31F201951006D9CDC /* Sources */,
				EF553FB41F201951006D9CDC /* Frameworks */,
				EF553FB51F201951006D9CDC /* Resources */,
			);
			buildRules = (
			);
			dependencies = (
			);
			name = LocationProject;
			productName = LocationProject;
			productReference = EF553FB71F201951006D9CDC /* LocationProject.app */;
			productType = "com.apple.product-type.application";
		};
/* End PBXNativeTarget section */

/* Begin PBXProject section */
		EF553FAF1F201951006D9CDC /* Project object */ = {
			isa = PBXProject;
			attributes = {
				LastSwiftUpdateCheck = 0830;
				LastUpgradeCheck = 0830;
				ORGANIZATIONNAME = "Shandy Sulen";
				TargetAttributes = {
					EF553FB61F201951006D9CDC = {
						CreatedOnToolsVersion = 8.3.3;
						ProvisioningStyle = Automatic;
					};
				};
			};
			buildConfigurationList = EF553FB21F201951006D9CDC /* Build configuration list for PBXProject "LocationProject" */;
			compatibilityVersion = "Xcode 3.2";
			developmentRegion = English;
			hasScannedForEncodings = 0;
			knownRegions = (
				en,
				Base,
			);
			mainGroup = EF553FAE1F201951006D9CDC;
			productRefGroup = EF553FB81F201951006D9CDC /* Products */;
			projectDirPath = "";
			projectRoot = "";
			targets = (
				EF553FB61F201951006D9CDC /* LocationProject */,
			);
		};
/* End PBXProject section */

/* Begin PBXResourcesBuildPhase section */
		EF553FB51F201951006D9CDC /* Resources */ = {
			isa = PBXResourcesBuildPhase;
			buildActionMask = 2147483647;
			files = (
				EF553FC51F201951006D9CDC /* LaunchScreen.storyboard in Resources */,
				EF553FC21F201951006D9CDC /* Assets.xcassets in Resources */,
				EF553FC01F201951006D9CDC /* Main.storyboard in Resources */,
			);
			runOnlyForDeploymentPostprocessing = 0;
		};
/* End PBXResourcesBuildPhase section */

/* Begin PBXSourcesBuildPhase section */
		EF553FB31F201951006D9CDC /* Sources */ = {
			isa = PBXSourcesBuildPhase;
			buildActionMask = 2147483647;
			files = (
				EF553FBD1F201951006D9CDC /* ViewController.swift in Sources */,
				EF553FBB1F201951006D9CDC /* AppDelegate.swift in Sources */,
			);
			runOnlyForDeploymentPostprocessing = 0;
		};
/* End PBXSourcesBuildPhase section */

/* Begin PBXVariantGroup section */
		EF553FBE1F201951006D9CDC /* Main.storyboard */ = {
			isa = PBXVariantGroup;
			children = (
				EF553FBF1F201951006D9CDC /* Base */,
			);
			name = Main.storyboard;
			sourceTree = "<group>";
		};
		EF553FC31F201951006D9CDC /* LaunchScreen.storyboard */ = {
			isa = PBXVariantGroup;
			children = (
				EF553FC41F201951006D9CDC /* Base */,
			);
			name = LaunchScreen.storyboard;
			sourceTree = "<group>";
		};
/* End PBXVariantGroup section */

/* Begin XCBuildConfiguration section */
		EF553FC71F201951006D9CDC /* Debug */ = {
			isa = XCBuildConfiguration;
			buildSettings = {
				ALWAYS_SEARCH_USER_PATHS = NO;
				CLANG_ANALYZER_NONNULL = YES;
				CLANG_ANALYZER_NUMBER_OBJECT_CONVERSION = YES_AGGRESSIVE;
				CLANG_CXX_LANGUAGE_STANDARD = "gnu++0x";
				CLANG_CXX_LIBRARY = "libc++";
				CLANG_ENABLE_MODULES = YES;
				CLANG_ENABLE_OBJC_ARC = YES;
				CLANG_WARN_BOOL_CONVERSION = YES;
				CLANG_WARN_CONSTANT_CONVERSION = YES;
				CLANG_WARN_DIRECT_OBJC_ISA_USAGE = YES_ERROR;
				CLANG_WARN_DOCUMENTATION_COMMENTS = YES;
				CLANG_WARN_EMPTY_BODY = YES;
				CLANG_WARN_ENUM_CONVERSION = YES;
				CLANG_WARN_INFINITE_RECURSION = YES;
				CLANG_WARN_INT_CONVERSION = YES;
				CLANG_WARN_OBJC_ROOT_CLASS = YES_ERROR;
				CLANG_WARN_SUSPICIOUS_MOVE = YES;
				CLANG_WARN_UNREACHABLE_CODE = YES;
				CLANG_WARN__DUPLICATE_METHOD_MATCH = YES;
				"CODE_SIGN_IDENTITY[sdk=iphoneos*]" = "iPhone Developer";
				COPY_PHASE_STRIP = NO;
				DEBUG_INFORMATION_FORMAT = dwarf;
				ENABLE_STRICT_OBJC_MSGSEND = YES;
				ENABLE_TESTABILITY = YES;
				GCC_C_LANGUAGE_STANDARD = gnu99;
				GCC_DYNAMIC_NO_PIC = NO;
				GCC_NO_COMMON_BLOCKS = YES;
				GCC_OPTIMIZATION_LEVEL = 0;
				GCC_PREPROCESSOR_DEFINITIONS = (
					"DEBUG=1",
					"$(inherited)",
				);
				GCC_WARN_64_TO_32_BIT_CONVERSION = YES;
				GCC_WARN_ABOUT_RETURN_TYPE = YES_ERROR;
				GCC_WARN_UNDECLARED_SELECTOR = YES;
				GCC_WARN_UNINITIALIZED_AUTOS = YES_AGGRESSIVE;
				GCC_WARN_UNUSED_FUNCTION = YES;
				GCC_WARN_UNUSED_VARIABLE = YES;
				IPHONEOS_DEPLOYMENT_TARGET = 10.3;
				MTL_ENABLE_DEBUG_INFO = YES;
				ONLY_ACTIVE_ARCH = YES;
				SDKROOT = iphoneos;
				SWIFT_ACTIVE_COMPILATION_CONDITIONS = DEBUG;
				SWIFT_OPTIMIZATION_LEVEL = "-Onone";
				TARGETED_DEVICE_FAMILY = "1,2";
			};
			name = Debug;
		};
		EF553FC81F201951006D9CDC /* Release */ = {
			isa = XCBuildConfiguration;
			buildSettings = {
				ALWAYS_SEARCH_USER_PATHS = NO;
				CLANG_ANALYZER_NONNULL = YES;
				CLANG_ANALYZER_NUMBER_OBJECT_CONVERSION = YES_AGGRESSIVE;
				CLANG_CXX_LANGUAGE_STANDARD = "gnu++0x";
				CLANG_CXX_LIBRARY = "libc++";
				CLANG_ENABLE_MODULES = YES;
				CLANG_ENABLE_OBJC_ARC = YES;
				CLANG_WARN_BOOL_CONVERSION = YES;
				CLANG_WARN_CONSTANT_CONVERSION = YES;
				CLANG_WARN_DIRECT_OBJC_ISA_USAGE = YES_ERROR;
				CLANG_WARN_DOCUMENTATION_COMMENTS = YES;
				CLANG_WARN_EMPTY_BODY = YES;
				CLANG_WARN_ENUM_CONVERSION = YES;
				CLANG_WARN_INFINITE_RECURSION = YES;
				CLANG_WARN_INT_CONVERSION = YES;
				CLANG_WARN_OBJC_ROOT_CLASS = YES_ERROR;
				CLANG_WARN_SUSPICIOUS_MOVE = YES;
				CLANG_WARN_UNREACHABLE_CODE = YES;
				CLANG_WARN__DUPLICATE_METHOD_MATCH = YES;
				"CODE_SIGN_IDENTITY[sdk=iphoneos*]" = "iPhone Developer";
				COPY_PHASE_STRIP = NO;
				DEBUG_INFORMATION_FORMAT = "dwarf-with-dsym";
				ENABLE_NS_ASSERTIONS = NO;
				ENABLE_STRICT_OBJC_MSGSEND = YES;
				GCC_C_LANGUAGE_STANDARD = gnu99;
				GCC_NO_COMMON_BLOCKS = YES;
				GCC_WARN_64_TO_32_BIT_CONVERSION = YES;
				GCC_WARN_ABOUT_RETURN_TYPE = YES_ERROR;
				GCC_WARN_UNDECLARED_SELECTOR = YES;
				GCC_WARN_UNINITIALIZED_AUTOS = YES_AGGRESSIVE;
				GCC_WARN_UNUSED_FUNCTION = YES;
				GCC_WARN_UNUSED_VARIABLE = YES;
				IPHONEOS_DEPLOYMENT_TARGET = 10.3;
				MTL_ENABLE_DEBUG_INFO = NO;
				SDKROOT = iphoneos;
				SWIFT_OPTIMIZATION_LEVEL = "-Owholemodule";
				TARGETED_DEVICE_FAMILY = "1,2";
				VALIDATE_PRODUCT = YES;
			};
			name = Release;
		};
		EF553FCA1F201951006D9CDC /* Debug */ = {
			isa = XCBuildConfiguration;
			buildSettings = {
				ASSETCATALOG_COMPILER_APPICON_NAME = AppIcon;
				INFOPLIST_FILE = LocationProject/Info.plist;
				LD_RUNPATH_SEARCH_PATHS = "$(inherited) @executable_path/Frameworks";
				PRODUCT_BUNDLE_IDENTIFIER = com.ShandySulen.LocationProject;
				PRODUCT_NAME = "$(TARGET_NAME)";
				SWIFT_VERSION = 3.0;
			};
			name = Debug;
		};
		EF553FCB1F201951006D9CDC /* Release */ = {
			isa = XCBuildConfiguration;
			buildSettings = {
				ASSETCATALOG_COMPILER_APPICON_NAME = AppIcon;
				INFOPLIST_FILE = LocationProject/Info.plist;
				LD_RUNPATH_SEARCH_PATHS = "$(inherited) @executable_path/Frameworks";
				PRODUCT_BUNDLE_IDENTIFIER = com.ShandySulen.LocationProject;
				PRODUCT_NAME = "$(TARGET_NAME)";
				SWIFT_VERSION = 3.0;
			};
			name = Release;
		};
/* End XCBuildConfiguration section */

/* Begin XCConfigurationList section */
		EF553FB21F201951006D9CDC /* Build configuration list for PBXProject "LocationProject" */ = {
			isa = XCConfigurationList;
			buildConfigurations = (
				EF553FC71F201951006D9CDC /* Debug */,
				EF553FC81F201951006D9CDC /* Release */,
			);
			defaultConfigurationIsVisible = 0;
			defaultConfigurationName = Release;
		};
		EF553FC91F201951006D9CDC /* Build configuration list for PBXNativeTarget "LocationProject" */ = {
			isa = XCConfigurationList;
			buildConfigurations = (
				EF553FCA1F201951006D9CDC /* Debug */,
				EF553FCB1F201951006D9CDC /* Release */,
			);
			defaultConfigurationIsVisible = 0;
		};
/* End XCConfigurationList section */
	};
	rootObject = EF553FAF1F201951006D9CDC /* Project object */;
}
